Microsoft Visual Studio Solution File, Format Version 12.00
# Visual Studio Version 17
VisualStudioVersion = 17.5.2.0
MinimumVisualStudioVersion = 10.0.40219.1
Project("{FAE04EC0-301F-11D3-BF4B-00C04F79EFBC}") = "TestRunner", "TestRunner.csproj", "{8BBC8D28-CBDC-175B-9DEA-7B3A3499CBBC}"
EndProject
Global
	GlobalSection(SolutionConfigurationPlatforms) = preSolution
		Debug|Any CPU = Debug|Any CPU
		Release|Any CPU = Release|Any CPU
	EndGlobalSection
	GlobalSection(ProjectConfigurationPlatforms) = postSolution
		{8BBC8D28-CBDC-175B-9DEA-7B3A3499CBBC}.Debug|Any CPU.ActiveCfg = Debug|Any CPU
		{8BBC8D28-CBDC-175B-9DEA-7B3A3499CBBC}.Debug|Any CPU.Build.0 = Debug|Any CPU
		{8BBC8D28-CBDC-175B-9DEA-7B3A3499CBBC}.Release|Any CPU.ActiveCfg = Release|Any CPU
		{8BBC8D28-CBDC-175B-9DEA-7B3A3499CBBC}.Release|Any CPU.Build.0 = Release|Any CPU
	EndGlobalSection
	GlobalSection(SolutionProperties) = preSolution
		HideSolutionNode = FALSE
	EndGlobalSection
	GlobalSection(ExtensibilityGlobals) = postSolution
		SolutionGuid = {4E3A4894-8C20-46DC-BC54-EF99E5250D3F}
	EndGlobalSection
EndGlobal
